// !$*UTF8*$!
{
	archiveVersion = 1;
	classes = {
	};
	objectVersion = 70;
	objects = {

/* Begin PBXBuildFile section */
		2551B19E4B2546F783B68E04 /* WatchConnectivity.framework in Frameworks */ = {isa = PBXBuildFile; fileRef = 8421FB6678794FCD901C9807 /* WatchConnectivity.framework */; };
		2907BE2F878845CDA506F48D /* WatchSessionView.swift in Sources */ = {isa = PBXBuildFile; fileRef = EB4157AEB5C940478C1392A1 /* WatchSessionView.swift */; };
		53E6E8776E5F4CF9832EAE99 /* WorkoutLiveActivityView.swift in Sources */ = {isa = PBXBuildFile; fileRef = A42D196B4C0F424CA36542CB /* WorkoutLiveActivityView.swift */; };
		5F5E50D046B14AF2A57E2EFB /* LDWELiveActivity.appex in Embed App Extensions */ = {isa = PBXBuildFile; fileRef = 2ADA1302EA3C498FB32DCFA9 /* LDWELiveActivity.appex */; settings = {ATTRIBUTES = (RemoveHeadersOnCopy, ); }; };
		6CE6A5B93A5C446D8CE5F685 /* WidgetKit.framework in Frameworks */ = {isa = PBXBuildFile; fileRef = 114A0BAC7CF044F1B092EBDF /* WidgetKit.framework */; };
		7A75E65514584D22BCEFAE44 /* ActivityKit.framework in Frameworks */ = {isa = PBXBuildFile; fileRef = A3E070372F60A6AF003EF4CD /* ActivityKit.framework */; };
		A1B2C30100000001000001A1 /* WidgetData.swift in Sources */ = {isa = PBXBuildFile; fileRef = A1B2C30100000002000001A1 /* WidgetData.swift */; };
		A1B2C30100000003000001A1 /* WidgetTheme.swift in Sources */ = {isa = PBXBuildFile; fileRef = A1B2C30100000004000001A1 /* WidgetTheme.swift */; };
		A1B2C30100000005000001A1 /* LDWEWidgetBundle.swift in Sources */ = {isa = PBXBuildFile; fileRef = A1B2C30100000006000001A1 /* LDWEWidgetBundle.swift */; };
		A1B2C30100000007000001A1 /* NextWorkoutWidget.swift in Sources */ = {isa = PBXBuildFile; fileRef = A1B2C30100000008000001A1 /* NextWorkoutWidget.swift */; };
		A1B2C30100000009000001A1 /* WeeklyStreakWidget.swift in Sources */ = {isa = PBXBuildFile; fileRef = A1B2C3010000000A000001A1 /* WeeklyStreakWidget.swift */; };
		A1B2C3010000000B000001A1 /* MuscleHeatmapWidget.swift in Sources */ = {isa = PBXBuildFile; fileRef = A1B2C3010000000C000001A1 /* MuscleHeatmapWidget.swift */; };
		A1B2C3010000000D000001A1 /* PRCelebrationWidget.swift in Sources */ = {isa = PBXBuildFile; fileRef = A1B2C3010000000E000001A1 /* PRCelebrationWidget.swift */; };
		A1B2C3010000000F000001A1 /* OutrunFuture.otf in Resources */ = {isa = PBXBuildFile; fileRef = D52114C62466377E00D1F0ED /* OutrunFuture.otf */; };
		A1B2C30100000010000001A1 /* OutrunFutureBold.otf in Resources */ = {isa = PBXBuildFile; fileRef = D52114C42466377D00D1F0ED /* OutrunFutureBold.otf */; };
		A1B2C30100000011000001A1 /* OutrunFutureBoldItalic.otf in Resources */ = {isa = PBXBuildFile; fileRef = D52114C52466377E00D1F0ED /* OutrunFutureBoldItalic.otf */; };
		A1B2C30100000020000001A1 /* ProgramProgressWidget.swift in Sources */ = {isa = PBXBuildFile; fileRef = A1B2C30100000021000001A1 /* ProgramProgressWidget.swift */; };
		A310DC022F7C2D0B0087AFEB /* Audiowide-Regular.ttf in Resources */ = {isa = PBXBuildFile; fileRef = A310DC012F7C2D0B0087AFEB /* Audiowide-Regular.ttf */; };
		A310DC032F7C2D0B0087AFEB /* Audiowide-Regular.ttf in Resources */ = {isa = PBXBuildFile; fileRef = A310DC012F7C2D0B0087AFEB /* Audiowide-Regular.ttf */; };
		A310DC042F7C2D0B0087AFEB /* Audiowide-Regular.ttf in Resources */ = {isa = PBXBuildFile; fileRef = A310DC012F7C2D0B0087AFEB /* Audiowide-Regular.ttf */; };
		A310DC052F7C2D0B0087AFEB /* Audiowide-Regular.ttf in Resources */ = {isa = PBXBuildFile; fileRef = A310DC012F7C2D0B0087AFEB /* Audiowide-Regular.ttf */; };
		A3E070382F60A6AF003EF4CD /* ActivityKit.framework in Frameworks */ = {isa = PBXBuildFile; fileRef = A3E070372F60A6AF003EF4CD /* ActivityKit.framework */; };
		A4B4DB5DF6DD48949442505A /* LDWEWatchApp.swift in Sources */ = {isa = PBXBuildFile; fileRef = 5A2150DB55BE43C5ADA4D80B /* LDWEWatchApp.swift */; };
		B9FA493509D042FEA10EAFAC /* WatchConnectivityManager.swift in Sources */ = {isa = PBXBuildFile; fileRef = 11E2283EE4F44C17BD3CE984 /* WatchConnectivityManager.swift */; };
		D518D5902592EA32000EC45B /* HealthKit.framework in Frameworks */ = {isa = PBXBuildFile; fileRef = D518D58F2592EA32000EC45B /* HealthKit.framework */; };
		D52114C72466377E00D1F0ED /* OutrunFutureBold.otf in Resources */ = {isa = PBXBuildFile; fileRef = D52114C42466377D00D1F0ED /* OutrunFutureBold.otf */; };
		D52114C82466377E00D1F0ED /* OutrunFutureBoldItalic.otf in Resources */ = {isa = PBXBuildFile; fileRef = D52114C52466377E00D1F0ED /* OutrunFutureBoldItalic.otf */; };
		D52114C92466377E00D1F0ED /* OutrunFuture.otf in Resources */ = {isa = PBXBuildFile; fileRef = D52114C62466377E00D1F0ED /* OutrunFuture.otf */; };
		D52114CC24663AFF00D1F0ED /* OutrunFutureBoldItalic.otf in Resources */ = {isa = PBXBuildFile; fileRef = D52114C52466377E00D1F0ED /* OutrunFutureBoldItalic.otf */; };
		D52114CD24663AFF00D1F0ED /* OutrunFutureBold.otf in Resources */ = {isa = PBXBuildFile; fileRef = D52114C42466377D00D1F0ED /* OutrunFutureBold.otf */; };
		D52114CE24663AFF00D1F0ED /* OutrunFuture.otf in Resources */ = {isa = PBXBuildFile; fileRef = D52114C62466377E00D1F0ED /* OutrunFuture.otf */; };
		D52114CF24663AFF00D1F0ED /* OutrunFutureBoldItalic.otf in Resources */ = {isa = PBXBuildFile; fileRef = D52114C52466377E00D1F0ED /* OutrunFutureBoldItalic.otf */; };
		D52114D024663AFF00D1F0ED /* OutrunFutureBold.otf in Resources */ = {isa = PBXBuildFile; fileRef = D52114C42466377D00D1F0ED /* OutrunFutureBold.otf */; };
		D52114D124663AFF00D1F0ED /* OutrunFuture.otf in Resources */ = {isa = PBXBuildFile; fileRef = D52114C62466377E00D1F0ED /* OutrunFuture.otf */; };
		D52114D624663D5C00D1F0ED /* Mozart.ttf in Resources */ = {isa = PBXBuildFile; fileRef = D52114D424663CAD00D1F0ED /* Mozart.ttf */; };
		D52114D724663D5F00D1F0ED /* MorningStar.ttf in Resources */ = {isa = PBXBuildFile; fileRef = D52114D524663CBA00D1F0ED /* MorningStar.ttf */; };
		D52114D824663D7B00D1F0ED /* MorningStar.ttf in Resources */ = {isa = PBXBuildFile; fileRef = D52114D524663CBA00D1F0ED /* MorningStar.ttf */; };
		D52114D924663D7B00D1F0ED /* MorningStar.ttf in Resources */ = {isa = PBXBuildFile; fileRef = D52114D524663CBA00D1F0ED /* MorningStar.ttf */; };
		D52114DA24663D7E00D1F0ED /* Mozart.ttf in Resources */ = {isa = PBXBuildFile; fileRef = D52114D424663CAD00D1F0ED /* Mozart.ttf */; };
		D52114DB24663D7F00D1F0ED /* Mozart.ttf in Resources */ = {isa = PBXBuildFile; fileRef = D52114D424663CAD00D1F0ED /* Mozart.ttf */; };
		D5BA33B5245CF239001DE467 /* AppDelegate.swift in Sources */ = {isa = PBXBuildFile; fileRef = D5BA33B4245CF239001DE467 /* AppDelegate.swift */; };
		D5BA33B7245CF239001DE467 /* SceneDelegate.swift in Sources */ = {isa = PBXBuildFile; fileRef = D5BA33B6245CF239001DE467 /* SceneDelegate.swift */; };
		D5BA33C1245CF23D001DE467 /* Assets.xcassets in Resources */ = {isa = PBXBuildFile; fileRef = D5BA33C0245CF23D001DE467 /* Assets.xcassets */; };
		D5BA33C4245CF23D001DE467 /* LaunchScreen.storyboard in Resources */ = {isa = PBXBuildFile; fileRef = D5BA33C2245CF23D001DE467 /* LaunchScreen.storyboard */; };
		D5D496BA254B4C3D00548BA8 /* Assets.xcassets in Resources */ = {isa = PBXBuildFile; fileRef = D5D496B9254B4C3D00548BA8 /* Assets.xcassets */; };
		D5D496CE254B4C3E00548BA8 /* Assets.xcassets in Resources */ = {isa = PBXBuildFile; fileRef = D5D496CD254B4C3E00548BA8 /* Assets.xcassets */; };
		D5D496D3254B4C3E00548BA8 /* LDWEWatch.app in Embed Watch Content */ = {isa = PBXBuildFile; fileRef = D5D496B4254B4C3A00548BA8 /* LDWEWatch.app */; settings = {ATTRIBUTES = (RemoveHeadersOnCopy, ); }; };
		FF34CF0F55C64590B3BF19C9 /* WorkoutActivityAttributes.swift in Sources */ = {isa = PBXBuildFile; fileRef = EBCF91C439C74CC69E78F94E /* WorkoutActivityAttributes.swift */; };
/* End PBXBuildFile section */

/* Begin PBXContainerItemProxy section */
		6B94ADA23950445EA770AB12 /* PBXContainerItemProxy */ = {
			isa = PBXContainerItemProxy;
			containerPortal = D5BA33A9245CF239001DE467 /* Project object */;
			proxyType = 1;
			remoteGlobalIDString = C2B7D30AF46743888CEAF2BA;
			remoteInfo = LDWELiveActivity;
		};
		D5BA33CB245CF23D001DE467 /* PBXContainerItemProxy */ = {
			isa = PBXContainerItemProxy;
			containerPortal = D5BA33A9245CF239001DE467 /* Project object */;
			proxyType = 1;
			remoteGlobalIDString = D5BA33B0245CF239001DE467;
			remoteInfo = CodeDump;
		};
		D5BA33D6245CF23D001DE467 /* PBXContainerItemProxy */ = {
			isa = PBXContainerItemProxy;
			containerPortal = D5BA33A9245CF239001DE467 /* Project object */;
			proxyType = 1;
			remoteGlobalIDString = D5BA33B0245CF239001DE467;
			remoteInfo = CodeDump;
		};
		D5D496D1254B4C3E00548BA8 /* PBXContainerItemProxy */ = {
			isa = PBXContainerItemProxy;
			containerPortal = D5BA33A9245CF239001DE467 /* Project object */;
			proxyType = 1;
			remoteGlobalIDString = D5D496B3254B4C3A00548BA8;
			remoteInfo = LDWEWatch;
		};
/* End PBXContainerItemProxy section */

/* Begin PBXCopyFilesBuildPhase section */
		219E5036B1374E72A73A0299 /* Embed App Extensions */ = {
			isa = PBXCopyFilesBuildPhase;
			buildActionMask = 2147483647;
			dstPath = "";
			dstSubfolderSpec = 13;
			files = (
				5F5E50D046B14AF2A57E2EFB /* LDWELiveActivity.appex in Embed App Extensions */,
			);
			name = "Embed App Extensions";
			runOnlyForDeploymentPostprocessing = 0;
		};
		D5D496D4254B4C3E00548BA8 /* Embed Watch Content */ = {
			isa = PBXCopyFilesBuildPhase;
			buildActionMask = 2147483647;
			dstPath = "$(CONTENTS_FOLDER_PATH)/Watch";
			dstSubfolderSpec = 16;
			files = (
				D5D496D3254B4C3E00548BA8 /* LDWEWatch.app in Embed Watch Content */,
			);
			name = "Embed Watch Content";
			runOnlyForDeploymentPostprocessing = 0;
		};
/* End PBXCopyFilesBuildPhase section */

/* Begin PBXFileReference section */
		114A0BAC7CF044F1B092EBDF /* WidgetKit.framework */ = {isa = PBXFileReference; lastKnownFileType = wrapper.framework; name = WidgetKit.framework; path = Platforms/iPhoneOS.platform/Developer/SDKs/iPhoneOS.sdk/System/Library/Frameworks/WidgetKit.framework; sourceTree = DEVELOPER_DIR; };
		11E2283EE4F44C17BD3CE984 /* WatchConnectivityManager.swift */ = {isa = PBXFileReference; lastKnownFileType = sourcecode.swift; path = WatchConnectivityManager.swift; sourceTree = "<group>"; };
		2ADA1302EA3C498FB32DCFA9 /* LDWELiveActivity.appex */ = {isa = PBXFileReference; explicitFileType = "wrapper.app-extension"; includeInIndex = 0; path = LDWELiveActivity.appex; sourceTree = BUILT_PRODUCTS_DIR; };
		42E3AD6526014BF48CB225A8 /* Info.plist */ = {isa = PBXFileReference; lastKnownFileType = text.plist.xml; path = Info.plist; sourceTree = "<group>"; };
		5A2150DB55BE43C5ADA4D80B /* LDWEWatchApp.swift */ = {isa = PBXFileReference; lastKnownFileType = sourcecode.swift; path = LDWEWatchApp.swift; sourceTree = "<group>"; };
		8421FB6678794FCD901C9807 /* WatchConnectivity.framework */ = {isa = PBXFileReference; lastKnownFileType = wrapper.framework; name = WatchConnectivity.framework; path = Platforms/WatchOS.platform/Developer/SDKs/WatchOS.sdk/System/Library/Frameworks/WatchConnectivity.framework; sourceTree = DEVELOPER_DIR; };
		A1B2C30100000002000001A1 /* WidgetData.swift */ = {isa = PBXFileReference; lastKnownFileType = sourcecode.swift; path = WidgetData.swift; sourceTree = "<group>"; };
		A1B2C30100000004000001A1 /* WidgetTheme.swift */ = {isa = PBXFileReference; lastKnownFileType = sourcecode.swift; path = WidgetTheme.swift; sourceTree = "<group>"; };
		A1B2C30100000006000001A1 /* LDWEWidgetBundle.swift */ = {isa = PBXFileReference; lastKnownFileType = sourcecode.swift; path = LDWEWidgetBundle.swift; sourceTree = "<group>"; };
		A1B2C30100000008000001A1 /* NextWorkoutWidget.swift */ = {isa = PBXFileReference; lastKnownFileType = sourcecode.swift; path = NextWorkoutWidget.swift; sourceTree = "<group>"; };
		A1B2C3010000000A000001A1 /* WeeklyStreakWidget.swift */ = {isa = PBXFileReference; lastKnownFileType = sourcecode.swift; path = WeeklyStreakWidget.swift; sourceTree = "<group>"; };
		A1B2C3010000000C000001A1 /* MuscleHeatmapWidget.swift */ = {isa = PBXFileReference; lastKnownFileType = sourcecode.swift; path = MuscleHeatmapWidget.swift; sourceTree = "<group>"; };
		A1B2C3010000000E000001A1 /* PRCelebrationWidget.swift */ = {isa = PBXFileReference; lastKnownFileType = sourcecode.swift; path = PRCelebrationWidget.swift; sourceTree = "<group>"; };
		A1B2C30100000012000001A1 /* LDWELiveActivity.entitlements */ = {isa = PBXFileReference; lastKnownFileType = text.plist.entitlements; path = LDWELiveActivity.entitlements; sourceTree = "<group>"; };
		A1B2C30100000021000001A1 /* ProgramProgressWidget.swift */ = {isa = PBXFileReference; lastKnownFileType = sourcecode.swift; path = ProgramProgressWidget.swift; sourceTree = "<group>"; };
		A310DC012F7C2D0B0087AFEB /* Audiowide-Regular.ttf */ = {isa = PBXFileReference; lastKnownFileType = file; path = "Audiowide-Regular.ttf"; sourceTree = "<group>"; };
		A3E070372F60A6AF003EF4CD /* ActivityKit.framework */ = {isa = PBXFileReference; lastKnownFileType = wrapper.framework; name = ActivityKit.framework; path = Platforms/MacOSX.platform/Developer/SDKs/MacOSX26.2.sdk/System/iOSSupport/System/Library/Frameworks/ActivityKit.framework; sourceTree = DEVELOPER_DIR; };
		A42D196B4C0F424CA36542CB /* WorkoutLiveActivityView.swift */ = {isa = PBXFileReference; lastKnownFileType = sourcecode.swift; path = WorkoutLiveActivityView.swift; sourceTree = "<group>"; };
		D518D58F2592EA32000EC45B /* HealthKit.framework */ = {isa = PBXFileReference; lastKnownFileType = wrapper.framework; name = HealthKit.framework; path = System/Library/Frameworks/HealthKit.framework; sourceTree = SDKROOT; };
		D52114C42466377D00D1F0ED /* OutrunFutureBold.otf */ = {isa = PBXFileReference; lastKnownFileType = file; path = OutrunFutureBold.otf; sourceTree = "<group>"; };
		D52114C52466377E00D1F0ED /* OutrunFutureBoldItalic.otf */ = {isa = PBXFileReference; lastKnownFileType = file; path = OutrunFutureBoldItalic.otf; sourceTree = "<group>"; };
		D52114C62466377E00D1F0ED /* OutrunFuture.otf */ = {isa = PBXFileReference; lastKnownFileType = file; path = OutrunFuture.otf; sourceTree = "<group>"; };
		D52114D424663CAD00D1F0ED /* Mozart.ttf */ = {isa = PBXFileReference; lastKnownFileType = file; path = Mozart.ttf; sourceTree = "<group>"; };
		D52114D524663CBA00D1F0ED /* MorningStar.ttf */ = {isa = PBXFileReference; lastKnownFileType = file; path = MorningStar.ttf; sourceTree = "<group>"; };
		D5340F9D250AE8EC00500793 /* Info.plist */ = {isa = PBXFileReference; fileEncoding = 4; lastKnownFileType = text.plist.xml; path = Info.plist; sourceTree = "<group>"; };
		D548391D246E2C480003B3E5 /* CodeDump.entitlements */ = {isa = PBXFileReference; lastKnownFileType = text.plist.entitlements; path = CodeDump.entitlements; sourceTree = "<group>"; };
		D55D076E24BB7583001B61F5 /* XCTest.framework */ = {isa = PBXFileReference; lastKnownFileType = wrapper.framework; name = XCTest.framework; path = Platforms/iPhoneOS.platform/Developer/Library/Frameworks/XCTest.framework; sourceTree = DEVELOPER_DIR; };
		D5BA33B1245CF239001DE467 /* Lazer Dragon.app */ = {isa = PBXFileReference; explicitFileType = wrapper.application; includeInIndex = 0; path = "Lazer Dragon.app"; sourceTree = BUILT_PRODUCTS_DIR; };
		D5BA33B4245CF239001DE467 /* AppDelegate.swift */ = {isa = PBXFileReference; lastKnownFileType = sourcecode.swift; path = AppDelegate.swift; sourceTree = "<group>"; };
		D5BA33B6245CF239001DE467 /* SceneDelegate.swift */ = {isa = PBXFileReference; lastKnownFileType = sourcecode.swift; path = SceneDelegate.swift; sourceTree = "<group>"; };
		D5BA33C0245CF23D001DE467 /* Assets.xcassets */ = {isa = PBXFileReference; lastKnownFileType = folder.assetcatalog; path = Assets.xcassets; sourceTree = "<group>"; };
		D5BA33C3245CF23D001DE467 /* Base */ = {isa = PBXFileReference; lastKnownFileType = file.storyboard; name = Base; path = Base.lproj/LaunchScreen.storyboard; sourceTree = "<group>"; };
		D5BA33CA245CF23D001DE467 /* CodeDumpTests.xctest */ = {isa = PBXFileReference; explicitFileType = wrapper.cfbundle; includeInIndex = 0; path = CodeDumpTests.xctest; sourceTree = BUILT_PRODUCTS_DIR; };
		D5BA33D5245CF23D001DE467 /* CodeDumpUITests.xctest */ = {isa = PBXFileReference; explicitFileType = wrapper.cfbundle; includeInIndex = 0; path = CodeDumpUITests.xctest; sourceTree = BUILT_PRODUCTS_DIR; };
		D5D496B4254B4C3A00548BA8 /* LDWEWatch.app */ = {isa = PBXFileReference; explicitFileType = wrapper.application; includeInIndex = 0; path = LDWEWatch.app; sourceTree = BUILT_PRODUCTS_DIR; };
		D5D496B9254B4C3D00548BA8 /* Assets.xcassets */ = {isa = PBXFileReference; lastKnownFileType = folder.assetcatalog; path = Assets.xcassets; sourceTree = "<group>"; };
		D5D496BB254B4C3D00548BA8 /* Info.plist */ = {isa = PBXFileReference; lastKnownFileType = text.plist.xml; path = Info.plist; sourceTree = "<group>"; };
		D5D496CD254B4C3E00548BA8 /* Assets.xcassets */ = {isa = PBXFileReference; lastKnownFileType = folder.assetcatalog; path = Assets.xcassets; sourceTree = "<group>"; };
		D5D496CF254B4C3E00548BA8 /* Info.plist */ = {isa = PBXFileReference; lastKnownFileType = text.plist.xml; path = Info.plist; sourceTree = "<group>"; };
		D5D496D0254B4C3E00548BA8 /* PushNotificationPayload.apns */ = {isa = PBXFileReference; lastKnownFileType = text; path = PushNotificationPayload.apns; sourceTree = "<group>"; };
		EB4157AEB5C940478C1392A1 /* WatchSessionView.swift */ = {isa = PBXFileReference; lastKnownFileType = sourcecode.swift; path = WatchSessionView.swift; sourceTree = "<group>"; };
		EBCF91C439C74CC69E78F94E /* WorkoutActivityAttributes.swift */ = {isa = PBXFileReference; lastKnownFileType = sourcecode.swift; path = WorkoutActivityAttributes.swift; sourceTree = "<group>"; };
/* End PBXFileReference section */

/* Begin PBXFileSystemSynchronizedBuildFileExceptionSet section */
		A3E070362F609176003EF4CD /* PBXFileSystemSynchronizedBuildFileExceptionSet */ = {
			isa = PBXFileSystemSynchronizedBuildFileExceptionSet;
			membershipExceptions = (
				ExerciseLibrary/CustomExerciseBuilderView.swift,
				ExerciseLibrary/ExerciseLibraryView.swift,
				Notifications/NotificationManager.swift,
				Notifications/NotificationSettingsView.swift,
				Onboarding/OnboardingView.swift,
				Programs/ProgramAdaptiveEngine.swift,
				Programs/ProgramCalendarView.swift,
				Programs/ProgramDetailView.swift,
				Programs/ProgramListView.swift,
				Programs/ProgramViewModel.swift,
				QuickStart/QuickStartView.swift,
				QuickStart/QuickStartViewModel.swift,
				Settings/EquipmentProfileView.swift,
				Sharing/ShareSheetView.swift,
				Sharing/WeeklyStatsCardView.swift,
				Sharing/WorkoutShareCardView.swift,
				Widgets/WidgetDataProvider.swift,
				WorkoutBuilder/WorkoutBuilderView.swift,
				WorkoutBuilder/WorkoutBuilderViewModel.swift,
				WorkoutCompleted/WorkoutCompletedView.swift,
				WorkoutDetail/WorkoutDetailView.swift,
				WorkoutHistory/WorkoutHistoryView.swift,
				WorkoutList/WorkoutListView.swift,
				WorkoutSession/FeedbackEngine.swift,
				WorkoutSession/HealthKitManager.swift,
				WorkoutSession/LiveActivityManager.swift,
				WorkoutSession/SetLogOverlay.swift,
				WorkoutSession/WatchConnectivityManager.swift,
				WorkoutSession/WorkoutActivityAttributes.swift,
				WorkoutSession/WorkoutSessionView.swift,
				WorkoutSession/WorkoutSessionViewModel.swift,
			);
			target = D5D496B3254B4C3A00548BA8 /* LDWEWatch */;
		};
/* End PBXFileSystemSynchronizedBuildFileExceptionSet section */

/* Begin PBXFileSystemSynchronizedRootGroup section */
		A3E06FE92F6089E6003EF4CD /* Features */ = {isa = PBXFileSystemSynchronizedRootGroup; exceptions = (A3E070362F609176003EF4CD /* PBXFileSystemSynchronizedBuildFileExceptionSet */, ); explicitFileTypes = {}; explicitFolders = (); path = Features; sourceTree = "<group>"; };
		A3E06FED2F6089E6003EF4CD /* Models */ = {isa = PBXFileSystemSynchronizedRootGroup; explicitFileTypes = {}; explicitFolders = (); path = Models; sourceTree = "<group>"; };
		D5BA33CD245CF23D001DE467 /* CodeDumpTests */ = {isa = PBXFileSystemSynchronizedRootGroup; explicitFileTypes = {}; explicitFolders = (); path = CodeDumpTests; sourceTree = "<group>"; };
		D5BA33D8245CF23D001DE467 /* CodeDumpUITests */ = {isa = PBXFileSystemSynchronizedRootGroup; explicitFileTypes = {}; explicitFolders = (); path = CodeDumpUITests; sourceTree = "<group>"; };
/* End PBXFileSystemSynchronizedRootGroup section */

/* Begin PBXFrameworksBuildPhase section */
		054AE990F21C779014282E4A /* Frameworks */ = {
			isa = PBXFrameworksBuildPhase;
			buildActionMask = 2147483647;
			files = (
				2551B19E4B2546F783B68E04 /* WatchConnectivity.framework in Frameworks */,
			);
			runOnlyForDeploymentPostprocessing = 0;
		};
		21B8E4EECFD8436B9978EC71 /* Frameworks */ = {
			isa = PBXFrameworksBuildPhase;
			buildActionMask = 2147483647;
			files = (
				6CE6A5B93A5C446D8CE5F685 /* WidgetKit.framework in Frameworks */,
				7A75E65514584D22BCEFAE44 /* ActivityKit.framework in Frameworks */,
			);
			runOnlyForDeploymentPostprocessing = 0;
		};
		D5BA33AE245CF239001DE467 /* Frameworks */ = {
			isa = PBXFrameworksBuildPhase;
			buildActionMask = 2147483647;
			files = (
				A3E070382F60A6AF003EF4CD /* ActivityKit.framework in Frameworks */,
				D518D5902592EA32000EC45B /* HealthKit.framework in Frameworks */,
			);
			runOnlyForDeploymentPostprocessing = 0;
		};
		D5BA33C7245CF23D001DE467 /* Frameworks */ = {
			isa = PBXFrameworksBuildPhase;
			buildActionMask = 2147483647;
			files = (
			);
			runOnlyForDeploymentPostprocessing = 0;
		};
		D5BA33D2245CF23D001DE467 /* Frameworks */ = {
			isa = PBXFrameworksBuildPhase;
			buildActionMask = 2147483647;
			files = (
			);
			runOnlyForDeploymentPostprocessing = 0;
		};
/* End PBXFrameworksBuildPhase section */

/* Begin PBXGroup section */
		615183378F02451D88D6B3FB /* LDWELiveActivity */ = {
			isa = PBXGroup;
			children = (
				A1B2C30100000012000001A1 /* LDWELiveActivity.entitlements */,
				A1B2C30100000006000001A1 /* LDWEWidgetBundle.swift */,
				A42D196B4C0F424CA36542CB /* WorkoutLiveActivityView.swift */,
				EBCF91C439C74CC69E78F94E /* WorkoutActivityAttributes.swift */,
				A1B2C30100000002000001A1 /* WidgetData.swift */,
				A1B2C30100000004000001A1 /* WidgetTheme.swift */,
				A1B2C30100000008000001A1 /* NextWorkoutWidget.swift */,
				A1B2C3010000000A000001A1 /* WeeklyStreakWidget.swift */,
				A1B2C3010000000C000001A1 /* MuscleHeatmapWidget.swift */,
				A1B2C3010000000E000001A1 /* PRCelebrationWidget.swift */,
				A1B2C30100000021000001A1 /* ProgramProgressWidget.swift */,
				42E3AD6526014BF48CB225A8 /* Info.plist */,
			);
			path = LDWELiveActivity;
			sourceTree = "<group>";
		};
		72A6F1407F56278E77EB4DF3 /* Frameworks */ = {
			isa = PBXGroup;
			children = (
				A3E070372F60A6AF003EF4CD /* ActivityKit.framework */,
				114A0BAC7CF044F1B092EBDF /* WidgetKit.framework */,
				D518D58F2592EA32000EC45B /* HealthKit.framework */,
				D55D076E24BB7583001B61F5 /* XCTest.framework */,
			);
			name = Frameworks;
			sourceTree = "<group>";
		};
		A3E07CB12F61B16C003EF4CD /* Recovered References */ = {
			isa = PBXGroup;
			children = (
				8421FB6678794FCD901C9807 /* WatchConnectivity.framework */,
			);
			name = "Recovered References";
			sourceTree = "<group>";
		};
		D52114CA2466378200D1F0ED /* Fonts */ = {
			isa = PBXGroup;
			children = (
				D52114D324663C9100D1F0ED /* Mozart */,
				D52114D224663C8E00D1F0ED /* MorningStar */,
				D52114CB2466378D00D1F0ED /* Outrun Future */,
				A310DC012F7C2D0B0087AFEB /* Audiowide-Regular.ttf */,
			);
			path = Fonts;
			sourceTree = "<group>";
		};
		D52114CB2466378D00D1F0ED /* Outrun Future */ = {
			isa = PBXGroup;
			children = (
				D52114C52466377E00D1F0ED /* OutrunFutureBoldItalic.otf */,
				D52114C42466377D00D1F0ED /* OutrunFutureBold.otf */,
				D52114C62466377E00D1F0ED /* OutrunFuture.otf */,
			);
			path = "Outrun Future";
			sourceTree = "<group>";
		};
		D52114D224663C8E00D1F0ED /* MorningStar */ = {
			isa = PBXGroup;
			children = (
				D52114D524663CBA00D1F0ED /* MorningStar.ttf */,
			);
			path = MorningStar;
			sourceTree = "<group>";
		};
		D52114D324663C9100D1F0ED /* Mozart */ = {
			isa = PBXGroup;
			children = (
				D52114D424663CAD00D1F0ED /* Mozart.ttf */,
			);
			path = Mozart;
			sourceTree = "<group>";
		};
		D5BA33A8245CF239001DE467 = {
			isa = PBXGroup;
			children = (
				D5BA33B3245CF239001DE467 /* CodeDump */,
				D5BA33CD245CF23D001DE467 /* CodeDumpTests */,
				D5BA33D8245CF23D001DE467 /* CodeDumpUITests */,
				D5D496B5254B4C3A00548BA8 /* LDWEWatch */,
				D5D496C4254B4C3D00548BA8 /* LDWEWatch Extension */,
				615183378F02451D88D6B3FB /* LDWELiveActivity */,
				D5BA33B2245CF239001DE467 /* Products */,
				72A6F1407F56278E77EB4DF3 /* Frameworks */,
				A3E07CB12F61B16C003EF4CD /* Recovered References */,
			);
			sourceTree = "<group>";
		};
		D5BA33B2245CF239001DE467 /* Products */ = {
			isa = PBXGroup;
			children = (
				D5BA33B1245CF239001DE467 /* Lazer Dragon.app */,
				D5BA33CA245CF23D001DE467 /* CodeDumpTests.xctest */,
				D5BA33D5245CF23D001DE467 /* CodeDumpUITests.xctest */,
				D5D496B4254B4C3A00548BA8 /* LDWEWatch.app */,
				2ADA1302EA3C498FB32DCFA9 /* LDWELiveActivity.appex */,
			);
			name = Products;
			sourceTree = "<group>";
		};
		D5BA33B3245CF239001DE467 /* CodeDump */ = {
			isa = PBXGroup;
			children = (
				D548391D246E2C480003B3E5 /* CodeDump.entitlements */,
				D5BA33B4245CF239001DE467 /* AppDelegate.swift */,
				D5BA33B6245CF239001DE467 /* SceneDelegate.swift */,
				A3E06FE92F6089E6003EF4CD /* Features */,
				A3E06FED2F6089E6003EF4CD /* Models */,
				D5BA33EB245CF265001DE467 /* Reference */,
				D5BA33C2245CF23D001DE467 /* LaunchScreen.storyboard */,
				D5BA33EC245CF293001DE467 /* Assets */,
			);
			path = CodeDump;
			sourceTree = "<group>";
		};
		D5BA33EB245CF265001DE467 /* Reference */ = {
			isa = PBXGroup;
			children = (
				D5340F9D250AE8EC00500793 /* Info.plist */,
			);
			path = Reference;
			sourceTree = "<group>";
		};
		D5BA33EC245CF293001DE467 /* Assets */ = {
			isa = PBXGroup;
			children = (
				D5BA33C0245CF23D001DE467 /* Assets.xcassets */,
				D52114CA2466378200D1F0ED /* Fonts */,
			);
			path = Assets;
			sourceTree = "<group>";
		};
		D5D496B5254B4C3A00548BA8 /* LDWEWatch */ = {
			isa = PBXGroup;
			children = (
				D5D496B9254B4C3D00548BA8 /* Assets.xcassets */,
				D5D496BB254B4C3D00548BA8 /* Info.plist */,
			);
			path = LDWEWatch;
			sourceTree = "<group>";
		};
		D5D496C4254B4C3D00548BA8 /* LDWEWatch Extension */ = {
			isa = PBXGroup;
			children = (
				5A2150DB55BE43C5ADA4D80B /* LDWEWatchApp.swift */,
				EB4157AEB5C940478C1392A1 /* WatchSessionView.swift */,
				11E2283EE4F44C17BD3CE984 /* WatchConnectivityManager.swift */,
				D5D496CD254B4C3E00548BA8 /* Assets.xcassets */,
				D5D496CF254B4C3E00548BA8 /* Info.plist */,
				D5D496D0254B4C3E00548BA8 /* PushNotificationPayload.apns */,
			);
			path = "LDWEWatch Extension";
			sourceTree = "<group>";
		};
/* End PBXGroup section */

/* Begin PBXNativeTarget section */
		C2B7D30AF46743888CEAF2BA /* LDWELiveActivity */ = {
			isa = PBXNativeTarget;
			buildConfigurationList = 1B91BF7D63894E86A69E805E /* Build configuration list for PBXNativeTarget "LDWELiveActivity" */;
			buildPhases = (
				937F4623DF154288A49B6AD9 /* Sources */,
				21B8E4EECFD8436B9978EC71 /* Frameworks */,
				6AAA2A07BFCD468A82EA448C /* Resources */,
			);
			buildRules = (
			);
			dependencies = (
			);
			name = LDWELiveActivity;
			productName = LDWELiveActivity;
			productReference = 2ADA1302EA3C498FB32DCFA9 /* LDWELiveActivity.appex */;
			productType = "com.apple.product-type.app-extension";
		};
		D5BA33B0245CF239001DE467 /* CodeDump */ = {
			isa = PBXNativeTarget;
			buildConfigurationList = D5BA33DE245CF23D001DE467 /* Build configuration list for PBXNativeTarget "CodeDump" */;
			buildPhases = (
				D5BA33AD245CF239001DE467 /* Sources */,
				D5BA33AE245CF239001DE467 /* Frameworks */,
				D5BA33AF245CF239001DE467 /* Resources */,
				D5D496D4254B4C3E00548BA8 /* Embed Watch Content */,
				219E5036B1374E72A73A0299 /* Embed App Extensions */,
			);
			buildRules = (
			);
			dependencies = (
				D5D496D2254B4C3E00548BA8 /* PBXTargetDependency */,
				BE55F51F780D44948475B73C /* PBXTargetDependency */,
			);
			fileSystemSynchronizedGroups = (
				A3E06FE92F6089E6003EF4CD /* Features */,
				A3E06FED2F6089E6003EF4CD /* Models */,
			);
			name = CodeDump;
			productName = CodeDump;
			productReference = D5BA33B1245CF239001DE467 /* Lazer Dragon.app */;
			productType = "com.apple.product-type.application";
		};
		D5BA33C9245CF23D001DE467 /* CodeDumpTests */ = {
			isa = PBXNativeTarget;
			buildConfigurationList = D5BA33E1245CF23D001DE467 /* Build configuration list for PBXNativeTarget "CodeDumpTests" */;
			buildPhases = (
				D5BA33C6245CF23D001DE467 /* Sources */,
				D5BA33C7245CF23D001DE467 /* Frameworks */,
				D5BA33C8245CF23D001DE467 /* Resources */,
			);
			buildRules = (
			);
			dependencies = (
				D5BA33CC245CF23D001DE467 /* PBXTargetDependency */,
			);
			fileSystemSynchronizedGroups = (
				D5BA33CD245CF23D001DE467 /* CodeDumpTests */,
			);
			name = CodeDumpTests;
			productName = CodeDumpTests;
			productReference = D5BA33CA245CF23D001DE467 /* CodeDumpTests.xctest */;
			productType = "com.apple.product-type.bundle.unit-test";
		};
		D5BA33D4245CF23D001DE467 /* CodeDumpUITests */ = {
			isa = PBXNativeTarget;
			buildConfigurationList = D5BA33E4245CF23D001DE467 /* Build configuration list for PBXNativeTarget "CodeDumpUITests" */;
			buildPhases = (
				D5BA33D1245CF23D001DE467 /* Sources */,
				D5BA33D2245CF23D001DE467 /* Frameworks */,
				D5BA33D3245CF23D001DE467 /* Resources */,
			);
			buildRules = (
			);
			dependencies = (
				D5BA33D7245CF23D001DE467 /* PBXTargetDependency */,
			);
			fileSystemSynchronizedGroups = (
				D5BA33D8245CF23D001DE467 /* CodeDumpUITests */,
			);
			name = CodeDumpUITests;
			productName = CodeDumpUITests;
			productReference = D5BA33D5245CF23D001DE467 /* CodeDumpUITests.xctest */;
			productType = "com.apple.product-type.bundle.ui-testing";
		};
		D5D496B3254B4C3A00548BA8 /* LDWEWatch */ = {
			isa = PBXNativeTarget;
			buildConfigurationList = D5D496DB254B4C3E00548BA8 /* Build configuration list for PBXNativeTarget "LDWEWatch" */;
			buildPhases = (
				D5D496B2254B4C3A00548BA8 /* Resources */,
				054AE990F21C779014282E4A /* Frameworks */,
				D5D496BC254B4C3D00548BA8 /* Sources */,
			);
			buildRules = (
			);
			dependencies = (
			);
			fileSystemSynchronizedGroups = (
				A3E06FE92F6089E6003EF4CD /* Features */,
				A3E06FED2F6089E6003EF4CD /* Models */,
			);
			name = LDWEWatch;
			productName = LDWEWatch;
			productReference = D5D496B4254B4C3A00548BA8 /* LDWEWatch.app */;
			productType = "com.apple.product-type.application";
		};
/* End PBXNativeTarget section */

/* Begin PBXProject section */
		D5BA33A9245CF239001DE467 /* Project object */ = {
			isa = PBXProject;
			attributes = {
				BuildIndependentTargetsInParallel = YES;
				LastSwiftUpdateCheck = 1220;
				LastUpgradeCheck = 2630;
				ORGANIZATIONNAME = Observatory;
				TargetAttributes = {
					D5BA33B0245CF239001DE467 = {
						CreatedOnToolsVersion = 11.4.1;
					};
					D5BA33C9245CF23D001DE467 = {
						CreatedOnToolsVersion = 11.4.1;
						TestTargetID = D5BA33B0245CF239001DE467;
					};
					D5BA33D4245CF23D001DE467 = {
						CreatedOnToolsVersion = 11.4.1;
						TestTargetID = D5BA33B0245CF239001DE467;
					};
					D5D496B3254B4C3A00548BA8 = {
						CreatedOnToolsVersion = 12.0.1;
					};
				};
			};
			buildConfigurationList = D5BA33AC245CF239001DE467 /* Build configuration list for PBXProject "CodeDump" */;
			compatibilityVersion = "Xcode 9.3";
			developmentRegion = en;
			hasScannedForEncodings = 0;
			knownRegions = (
				en,
				Base,
			);
			mainGroup = D5BA33A8245CF239001DE467;
			productRefGroup = D5BA33B2245CF239001DE467 /* Products */;
			projectDirPath = "";
			projectRoot = "";
			targets = (
				D5BA33B0245CF239001DE467 /* CodeDump */,
				D5BA33C9245CF23D001DE467 /* CodeDumpTests */,
				D5BA33D4245CF23D001DE467 /* CodeDumpUITests */,
				D5D496B3254B4C3A00548BA8 /* LDWEWatch */,
				C2B7D30AF46743888CEAF2BA /* LDWELiveActivity */,
			);
		};
/* End PBXProject section */

/* Begin PBXResourcesBuildPhase section */
		6AAA2A07BFCD468A82EA448C /* Resources */ = {
			isa = PBXResourcesBuildPhase;
			buildActionMask = 2147483647;
			files = (
				A1B2C3010000000F000001A1 /* OutrunFuture.otf in Resources */,
				A1B2C30100000010000001A1 /* OutrunFutureBold.otf in Resources */,
				A1B2C30100000011000001A1 /* OutrunFutureBoldItalic.otf in Resources */,
				A310DC022F7C2D0B0087AFEB /* Audiowide-Regular.ttf in Resources */,
			);
			runOnlyForDeploymentPostprocessing = 0;
		};
		D5BA33AF245CF239001DE467 /* Resources */ = {
			isa = PBXResourcesBuildPhase;
			buildActionMask = 2147483647;
			files = (
				D5BA33C4245CF23D001DE467 /* LaunchScreen.storyboard in Resources */,
				D5BA33C1245CF23D001DE467 /* Assets.xcassets in Resources */,
				D52114C72466377E00D1F0ED /* OutrunFutureBold.otf in Resources */,
				A310DC032F7C2D0B0087AFEB /* Audiowide-Regular.ttf in Resources */,
				D52114C82466377E00D1F0ED /* OutrunFutureBoldItalic.otf in Resources */,
				D52114C92466377E00D1F0ED /* OutrunFuture.otf in Resources */,
				D52114D624663D5C00D1F0ED /* Mozart.ttf in Resources */,
				D52114D724663D5F00D1F0ED /* MorningStar.ttf in Resources */,
			);
			runOnlyForDeploymentPostprocessing = 0;
		};
		D5BA33C8245CF23D001DE467 /* Resources */ = {
			isa = PBXResourcesBuildPhase;
			buildActionMask = 2147483647;
			files = (
				D52114CD24663AFF00D1F0ED /* OutrunFutureBold.otf in Resources */,
				D52114CC24663AFF00D1F0ED /* OutrunFutureBoldItalic.otf in Resources */,
				D52114CE24663AFF00D1F0ED /* OutrunFuture.otf in Resources */,
				D52114DA24663D7E00D1F0ED /* Mozart.ttf in Resources */,
				D52114D824663D7B00D1F0ED /* MorningStar.ttf in Resources */,
				A310DC052F7C2D0B0087AFEB /* Audiowide-Regular.ttf in Resources */,
			);
			runOnlyForDeploymentPostprocessing = 0;
		};
		D5BA33D3245CF23D001DE467 /* Resources */ = {
			isa = PBXResourcesBuildPhase;
			buildActionMask = 2147483647;
			files = (
				D52114D024663AFF00D1F0ED /* OutrunFutureBold.otf in Resources */,
				D52114CF24663AFF00D1F0ED /* OutrunFutureBoldItalic.otf in Resources */,
				D52114D124663AFF00D1F0ED /* OutrunFuture.otf in Resources */,
				D52114DB24663D7F00D1F0ED /* Mozart.ttf in Resources */,
				D52114D924663D7B00D1F0ED /* MorningStar.ttf in Resources */,
				A310DC042F7C2D0B0087AFEB /* Audiowide-Regular.ttf in Resources */,
			);
			runOnlyForDeploymentPostprocessing = 0;
		};
		D5D496B2254B4C3A00548BA8 /* Resources */ = {
			isa = PBXResourcesBuildPhase;
			buildActionMask = 2147483647;
			files = (
				D5D496BA254B4C3D00548BA8 /* Assets.xcassets in Resources */,
				D5D496CE254B4C3E00548BA8 /* Assets.xcassets in Resources */,
			);
			runOnlyForDeploymentPostprocessing = 0;
		};
/* End PBXResourcesBuildPhase section */

/* Begin PBXSourcesBuildPhase section */
		937F4623DF154288A49B6AD9 /* Sources */ = {
			isa = PBXSourcesBuildPhase;
			buildActionMask = 2147483647;
			files = (
				53E6E8776E5F4CF9832EAE99 /* WorkoutLiveActivityView.swift in Sources */,
				FF34CF0F55C64590B3BF19C9 /* WorkoutActivityAttributes.swift in Sources */,
				A1B2C30100000001000001A1 /* WidgetData.swift in Sources */,
				A1B2C30100000003000001A1 /* WidgetTheme.swift in Sources */,
				A1B2C30100000005000001A1 /* LDWEWidgetBundle.swift in Sources */,
				A1B2C30100000007000001A1 /* NextWorkoutWidget.swift in Sources */,
				A1B2C30100000009000001A1 /* WeeklyStreakWidget.swift in Sources */,
				A1B2C3010000000B000001A1 /* MuscleHeatmapWidget.swift in Sources */,
				A1B2C3010000000D000001A1 /* PRCelebrationWidget.swift in Sources */,
				A1B2C30100000020000001A1 /* ProgramProgressWidget.swift in Sources */,
			);
			runOnlyForDeploymentPostprocessing = 0;
		};
		D5BA33AD245CF239001DE467 /* Sources */ = {
			isa = PBXSourcesBuildPhase;
			buildActionMask = 2147483647;
			files = (
				D5BA33B5245CF239001DE467 /* AppDelegate.swift in Sources */,
				D5BA33B7245CF239001DE467 /* SceneDelegate.swift in Sources */,
			);
			runOnlyForDeploymentPostprocessing = 0;
		};
		D5BA33C6245CF23D001DE467 /* Sources */ = {
			isa = PBXSourcesBuildPhase;
			buildActionMask = 2147483647;
			files = (
			);
			runOnlyForDeploymentPostprocessing = 0;
		};
		D5BA33D1245CF23D001DE467 /* Sources */ = {
			isa = PBXSourcesBuildPhase;
			buildActionMask = 2147483647;
			files = (
			);
			runOnlyForDeploymentPostprocessing = 0;
		};
		D5D496BC254B4C3D00548BA8 /* Sources */ = {
			isa = PBXSourcesBuildPhase;
			buildActionMask = 2147483647;
			files = (
				A4B4DB5DF6DD48949442505A /* LDWEWatchApp.swift in Sources */,
				2907BE2F878845CDA506F48D /* WatchSessionView.swift in Sources */,
				B9FA493509D042FEA10EAFAC /* WatchConnectivityManager.swift in Sources */,
			);
			runOnlyForDeploymentPostprocessing = 0;
		};
/* End PBXSourcesBuildPhase section */

/* Begin PBXTargetDependency section */
		BE55F51F780D44948475B73C /* PBXTargetDependency */ = {
			isa = PBXTargetDependency;
			target = C2B7D30AF46743888CEAF2BA /* LDWELiveActivity */;
			targetProxy = 6B94ADA23950445EA770AB12 /* PBXContainerItemProxy */;
		};
		D5BA33CC245CF23D001DE467 /* PBXTargetDependency */ = {
			isa = PBXTargetDependency;
			target = D5BA33B0245CF239001DE467 /* CodeDump */;
			targetProxy = D5BA33CB245CF23D001DE467 /* PBXContainerItemProxy */;
		};
		D5BA33D7245CF23D001DE467 /* PBXTargetDependency */ = {
			isa = PBXTargetDependency;
			target = D5BA33B0245CF239001DE467 /* CodeDump */;
			targetProxy = D5BA33D6245CF23D001DE467 /* PBXContainerItemProxy */;
		};
		D5D496D2254B4C3E00548BA8 /* PBXTargetDependency */ = {
			isa = PBXTargetDependency;
			target = D5D496B3254B4C3A00548BA8 /* LDWEWatch */;
			targetProxy = D5D496D1254B4C3E00548BA8 /* PBXContainerItemProxy */;
		};
/* End PBXTargetDependency section */

/* Begin PBXVariantGroup section */
		D5BA33C2245CF23D001DE467 /* LaunchScreen.storyboard */ = {
			isa = PBXVariantGroup;
			children = (
				D5BA33C3245CF23D001DE467 /* Base */,
			);
			name = LaunchScreen.storyboard;
			sourceTree = "<group>";
		};
/* End PBXVariantGroup section */

/* Begin XCBuildConfiguration section */
		5010E238F3AF4A4E8DFD60C4 /* Release */ = {
			isa = XCBuildConfiguration;
			buildSettings = {
				APPLICATION_EXTENSION_API_ONLY = YES;
				CODE_SIGN_ENTITLEMENTS = LDWELiveActivity/LDWELiveActivity.entitlements;
				CODE_SIGN_STYLE = Automatic;
				CURRENT_PROJECT_VERSION = 1;
				DEVELOPMENT_TEAM = YMZ6ZTYGL8;
				INFOPLIST_FILE = LDWELiveActivity/Info.plist;
				IPHONEOS_DEPLOYMENT_TARGET = 18.0;
				MARKETING_VERSION = 1.0;
				PRODUCT_BUNDLE_IDENTIFIER = "com.Solomon.Lazer-Dragon.LDWELiveActivity";
				PRODUCT_NAME = LDWELiveActivity;
				SDKROOT = iphoneos;
				SKIP_INSTALL = YES;
				SWIFT_VERSION = 5.0;
				TARGETED_DEVICE_FAMILY = "1,2";
			};
			name = Release;
		};
		A65CA41A4F174A51B7061A22 /* Debug */ = {
			isa = XCBuildConfiguration;
			buildSettings = {
				APPLICATION_EXTENSION_API_ONLY = YES;
				CODE_SIGN_ENTITLEMENTS = LDWELiveActivity/LDWELiveActivity.entitlements;
				CODE_SIGN_STYLE = Automatic;
				CURRENT_PROJECT_VERSION = 1;
				DEVELOPMENT_TEAM = YMZ6ZTYGL8;
				INFOPLIST_FILE = LDWELiveActivity/Info.plist;
				IPHONEOS_DEPLOYMENT_TARGET = 18.0;
				MARKETING_VERSION = 1.0;
				PRODUCT_BUNDLE_IDENTIFIER = "com.Solomon.Lazer-Dragon.LDWELiveActivity";
				PRODUCT_NAME = LDWELiveActivity;
				SDKROOT = iphoneos;
				SKIP_INSTALL = YES;
				SWIFT_VERSION = 5.0;
				TARGETED_DEVICE_FAMILY = "1,2";
			};
			name = Debug;
		};
		D5BA33DC245CF23D001DE467 /* Debug */ = {
			isa = XCBuildConfiguration;
			buildSettings = {
				ALWAYS_SEARCH_USER_PATHS = NO;
				ASSETCATALOG_COMPILER_GENERATE_SWIFT_ASSET_SYMBOL_EXTENSIONS = YES;
				CLANG_ANALYZER_NONNULL = YES;
				CLANG_ANALYZER_NUMBER_OBJECT_CONVERSION = YES_AGGRESSIVE;
				CLANG_CXX_LANGUAGE_STANDARD = "gnu++14";
				CLANG_CXX_LIBRARY = "libc++";
				CLANG_ENABLE_MODULES = YES;
				CLANG_ENABLE_OBJC_ARC = YES;
				CLANG_ENABLE_OBJC_WEAK = YES;
				CLANG_WARN_BLOCK_CAPTURE_AUTORELEASING = YES;
				CLANG_WARN_BOOL_CONVERSION = YES;
				CLANG_WARN_COMMA = YES;
				CLANG_WARN_CONSTANT_CONVERSION = YES;
				CLANG_WARN_DEPRECATED_OBJC_IMPLEMENTATIONS = YES;
				CLANG_WARN_DIRECT_OBJC_ISA_USAGE = YES_ERROR;
				CLANG_WARN_DOCUMENTATION_COMMENTS = YES;
				CLANG_WARN_EMPTY_BODY = YES;
				CLANG_WARN_ENUM_CONVERSION = YES;
				CLANG_WARN_INFINITE_RECURSION = YES;
				CLANG_WARN_INT_CONVERSION = YES;
				CLANG_WARN_NON_LITERAL_NULL_CONVERSION = YES;
				CLANG_WARN_OBJC_IMPLICIT_RETAIN_SELF = YES;
				CLANG_WARN_OBJC_LITERAL_CONVERSION = YES;
				CLANG_WARN_OBJC_ROOT_CLASS = YES_ERROR;
				CLANG_WARN_QUOTED_INCLUDE_IN_FRAMEWORK_HEADER = YES;
				CLANG_WARN_RANGE_LOOP_ANALYSIS = YES;
				CLANG_WARN_STRICT_PROTOTYPES = YES;
				CLANG_WARN_SUSPICIOUS_MOVE = YES;
				CLANG_WARN_UNGUARDED_AVAILABILITY = YES_AGGRESSIVE;
				CLANG_WARN_UNREACHABLE_CODE = YES;
				CLANG_WARN__DUPLICATE_METHOD_MATCH = YES;
				COPY_PHASE_STRIP = NO;
				DEBUG_INFORMATION_FORMAT = dwarf;
				DEVELOPMENT_TEAM = YMZ6ZTYGL8;
				ENABLE_STRICT_OBJC_MSGSEND = YES;
				ENABLE_TESTABILITY = YES;
				ENABLE_USER_SCRIPT_SANDBOXING = YES;
				GCC_C_LANGUAGE_STANDARD = gnu11;
				GCC_DYNAMIC_NO_PIC = NO;
				GCC_NO_COMMON_BLOCKS = YES;
				GCC_OPTIMIZATION_LEVEL = 0;
				GCC_PREPROCESSOR_DEFINITIONS = (
					"DEBUG=1",
					"$(inherited)",
				);
				GCC_WARN_64_TO_32_BIT_CONVERSION = YES;
				GCC_WARN_ABOUT_RETURN_TYPE = YES_ERROR;
				GCC_WARN_UNDECLARED_SELECTOR = YES;
				GCC_WARN_UNINITIALIZED_AUTOS = YES_AGGRESSIVE;
				GCC_WARN_UNUSED_FUNCTION = YES;
				GCC_WARN_UNUSED_VARIABLE = YES;
				IPHONEOS_DEPLOYMENT_TARGET = 18.0;
				MTL_ENABLE_DEBUG_INFO = INCLUDE_SOURCE;
				MTL_FAST_MATH = YES;
				ONLY_ACTIVE_ARCH = YES;
				SDKROOT = iphoneos;
				STRING_CATALOG_GENERATE_SYMBOLS = YES;
				SWIFT_ACTIVE_COMPILATION_CONDITIONS = DEBUG;
				SWIFT_OPTIMIZATION_LEVEL = "-Onone";
			};
			name = Debug;
		};
		D5BA33DD245CF23D001DE467 /* Release */ = {
			isa = XCBuildConfiguration;
			buildSettings = {
				ALWAYS_SEARCH_USER_PATHS = NO;
				ASSETCATALOG_COMPILER_GENERATE_SWIFT_ASSET_SYMBOL_EXTENSIONS = YES;
				CLANG_ANALYZER_NONNULL = YES;
				CLANG_ANALYZER_NUMBER_OBJECT_CONVERSION = YES_AGGRESSIVE;
				CLANG_CXX_LANGUAGE_STANDARD = "gnu++14";
				CLANG_CXX_LIBRARY = "libc++";
				CLANG_ENABLE_MODULES = YES;
				CLANG_ENABLE_OBJC_ARC = YES;
				CLANG_ENABLE_OBJC_WEAK = YES;
				CLANG_WARN_BLOCK_CAPTURE_AUTORELEASING = YES;
				CLANG_WARN_BOOL_CONVERSION = YES;
				CLANG_WARN_COMMA = YES;
				CLANG_WARN_CONSTANT_CONVERSION = YES;
				CLANG_WARN_DEPRECATED_OBJC_IMPLEMENTATIONS = YES;
				CLANG_WARN_DIRECT_OBJC_ISA_USAGE = YES_ERROR;
				CLANG_WARN_DOCUMENTATION_COMMENTS = YES;
				CLANG_WARN_EMPTY_BODY = YES;
				CLANG_WARN_ENUM_CONVERSION = YES;
				CLANG_WARN_INFINITE_RECURSION = YES;
				CLANG_WARN_INT_CONVERSION = YES;
				CLANG_WARN_NON_LITERAL_NULL_CONVERSION = YES;
				CLANG_WARN_OBJC_IMPLICIT_RETAIN_SELF = YES;
				CLANG_WARN_OBJC_LITERAL_CONVERSION = YES;
				CLANG_WARN_OBJC_ROOT_CLASS = YES_ERROR;
				CLANG_WARN_QUOTED_INCLUDE_IN_FRAMEWORK_HEADER = YES;
				CLANG_WARN_RANGE_LOOP_ANALYSIS = YES;
				CLANG_WARN_STRICT_PROTOTYPES = YES;
				CLANG_WARN_SUSPICIOUS_MOVE = YES;
				CLANG_WARN_UNGUARDED_AVAILABILITY = YES_AGGRESSIVE;
				CLANG_WARN_UNREACHABLE_CODE = YES;
				CLANG_WARN__DUPLICATE_METHOD_MATCH = YES;
				COPY_PHASE_STRIP = NO;
				DEBUG_INFORMATION_FORMAT = "dwarf-with-dsym";
				DEVELOPMENT_TEAM = YMZ6ZTYGL8;
				ENABLE_NS_ASSERTIONS = NO;
				ENABLE_STRICT_OBJC_MSGSEND = YES;
				ENABLE_USER_SCRIPT_SANDBOXING = YES;
				GCC_C_LANGUAGE_STANDARD = gnu11;
				GCC_NO_COMMON_BLOCKS = YES;
				GCC_WARN_64_TO_32_BIT_CONVERSION = YES;
				GCC_WARN_ABOUT_RETURN_TYPE = YES_ERROR;
				GCC_WARN_UNDECLARED_SELECTOR = YES;
				GCC_WARN_UNINITIALIZED_AUTOS = YES_AGGRESSIVE;
				GCC_WARN_UNUSED_FUNCTION = YES;
				GCC_WARN_UNUSED_VARIABLE = YES;
				IPHONEOS_DEPLOYMENT_TARGET = 18.0;
				MTL_ENABLE_DEBUG_INFO = NO;
				MTL_FAST_MATH = YES;
				SDKROOT = iphoneos;
				STRING_CATALOG_GENERATE_SYMBOLS = YES;
				SWIFT_COMPILATION_MODE = wholemodule;
				SWIFT_OPTIMIZATION_LEVEL = "-O";
				VALIDATE_PRODUCT = YES;
			};
			name = Release;
		};
		D5BA33DF245CF23D001DE467 /* Debug */ = {
			isa = XCBuildConfiguration;
			buildSettings = {
				ASSETCATALOG_COMPILER_APPICON_NAME = AppIcon;
				CODE_SIGN_ENTITLEMENTS = CodeDump/CodeDump.entitlements;
				CODE_SIGN_STYLE = Automatic;
				CURRENT_PROJECT_VERSION = 1;
				DEVELOPMENT_TEAM = YMZ6ZTYGL8;
				ENABLE_APP_SANDBOX = YES;
				ENABLE_INCOMING_NETWORK_CONNECTIONS = YES;
				ENABLE_OUTGOING_NETWORK_CONNECTIONS = YES;
				INFOPLIST_FILE = "$(SRCROOT)/CodeDump/Reference/Info.plist";
				IPHONEOS_DEPLOYMENT_TARGET = 18.0;
				LD_RUNPATH_SEARCH_PATHS = (
					"$(inherited)",
					"@executable_path/Frameworks",
				);
				MARKETING_VERSION = 1.1;
				PRODUCT_BUNDLE_IDENTIFIER = "com.Solomon.Lazer-Dragon";
				PRODUCT_NAME = "Lazer Dragon";
				SUPPORTS_MACCATALYST = YES;
				SWIFT_VERSION = 5.0;
				TARGETED_DEVICE_FAMILY = "1,2";
			};
			name = Debug;
		};
		D5BA33E0245CF23D001DE467 /* Release */ = {
			isa = XCBuildConfiguration;
			buildSettings = {
				ASSETCATALOG_COMPILER_APPICON_NAME = AppIcon;
				CODE_SIGN_ENTITLEMENTS = CodeDump/CodeDump.entitlements;
				CODE_SIGN_STYLE = Automatic;
				CURRENT_PROJECT_VERSION = 1;
				DEVELOPMENT_TEAM = YMZ6ZTYGL8;
				ENABLE_APP_SANDBOX = YES;
				ENABLE_INCOMING_NETWORK_CONNECTIONS = YES;
				ENABLE_OUTGOING_NETWORK_CONNECTIONS = YES;
				INFOPLIST_FILE = "$(SRCROOT)/CodeDump/Reference/Info.plist";
				IPHONEOS_DEPLOYMENT_TARGET = 18.0;
				LD_RUNPATH_SEARCH_PATHS = (
					"$(inherited)",
					"@executable_path/Frameworks",
				);
				MARKETING_VERSION = 1.1;
				PRODUCT_BUNDLE_IDENTIFIER = "com.Solomon.Lazer-Dragon";
				PRODUCT_NAME = "Lazer Dragon";
				SUPPORTS_MACCATALYST = YES;
				SWIFT_VERSION = 5.0;
				TARGETED_DEVICE_FAMILY = "1,2";
			};
			name = Release;
		};
		D5BA33E2245CF23D001DE467 /* Debug */ = {
			isa = XCBuildConfiguration;
			buildSettings = {
				BUNDLE_LOADER = "$(TEST_HOST)";
				CODE_SIGN_STYLE = Automatic;
				GENERATE_INFOPLIST_FILE = YES;
				IPHONEOS_DEPLOYMENT_TARGET = 18.0;
				LD_RUNPATH_SEARCH_PATHS = (
					"$(inherited)",
					"@executable_path/Frameworks",
					"@loader_path/Frameworks",
				);
				PRODUCT_BUNDLE_IDENTIFIER = "com.Solomon.Lazer-Dragon.Tests";
				PRODUCT_NAME = "$(TARGET_NAME)";
				SWIFT_VERSION = 5.0;
				TARGETED_DEVICE_FAMILY = "1,2";
				TEST_HOST = "$(BUILT_PRODUCTS_DIR)/Lazer Dragon.app/Lazer Dragon";
			};
			name = Debug;
		};
		D5BA33E3245CF23D001DE467 /* Release */ = {
			isa = XCBuildConfiguration;
			buildSettings = {
				BUNDLE_LOADER = "$(TEST_HOST)";
				CODE_SIGN_STYLE = Automatic;
				GENERATE_INFOPLIST_FILE = YES;
				IPHONEOS_DEPLOYMENT_TARGET = 18.0;
				LD_RUNPATH_SEARCH_PATHS = (
					"$(inherited)",
					"@executable_path/Frameworks",
					"@loader_path/Frameworks",
				);
				PRODUCT_BUNDLE_IDENTIFIER = "com.Solomon.Lazer-Dragon.Tests";
				PRODUCT_NAME = "$(TARGET_NAME)";
				SWIFT_VERSION = 5.0;
				TARGETED_DEVICE_FAMILY = "1,2";
				TEST_HOST = "$(BUILT_PRODUCTS_DIR)/Lazer Dragon.app/Lazer Dragon";
			};
			name = Release;
		};
		D5BA33E5245CF23D001DE467 /* Debug */ = {
			isa = XCBuildConfiguration;
			buildSettings = {
				CODE_SIGN_STYLE = Automatic;
				GENERATE_INFOPLIST_FILE = YES;
				LD_RUNPATH_SEARCH_PATHS = (
					"$(inherited)",
					"@executable_path/Frameworks",
					"@loader_path/Frameworks",
				);
				PRODUCT_BUNDLE_IDENTIFIER = "com.Solomon.Lazer-Dragon.UITests";
				PRODUCT_NAME = "$(TARGET_NAME)";
				SWIFT_VERSION = 5.0;
				TARGETED_DEVICE_FAMILY = "1,2";
				TEST_TARGET_NAME = CodeDump;
			};
			name = Debug;
		};
		D5BA33E6245CF23D001DE467 /* Release */ = {
			isa = XCBuildConfiguration;
			buildSettings = {
				CODE_SIGN_STYLE = Automatic;
				GENERATE_INFOPLIST_FILE = YES;
				LD_RUNPATH_SEARCH_PATHS = (
					"$(inherited)",
					"@executable_path/Frameworks",
					"@loader_path/Frameworks",
				);
				PRODUCT_BUNDLE_IDENTIFIER = "com.Solomon.Lazer-Dragon.UITests";
				PRODUCT_NAME = "$(TARGET_NAME)";
				SWIFT_VERSION = 5.0;
				TARGETED_DEVICE_FAMILY = "1,2";
				TEST_TARGET_NAME = CodeDump;
			};
			name = Release;
		};
		D5D496D5254B4C3E00548BA8 /* Debug */ = {
			isa = XCBuildConfiguration;
			buildSettings = {
				ASSETCATALOG_COMPILER_APPICON_NAME = AppIcon;
				ASSETCATALOG_COMPILER_COMPLICATION_NAME = Complication;
				ASSETCATALOG_COMPILER_GLOBAL_ACCENT_COLOR_NAME = AccentColor;
				CODE_SIGN_STYLE = Automatic;
				INFOPLIST_FILE = LDWEWatch/Info.plist;
				LD_RUNPATH_SEARCH_PATHS = (
					"@executable_path/Frameworks",
					"@executable_path/../../Frameworks",
				);
				PRODUCT_BUNDLE_IDENTIFIER = "com.Solomon.Lazer-Dragon.watchkitapp";
				PRODUCT_NAME = "$(TARGET_NAME)";
				SDKROOT = watchos;
				SKIP_INSTALL = YES;
				SWIFT_VERSION = 5.0;
				TARGETED_DEVICE_FAMILY = 4;
				WATCHOS_DEPLOYMENT_TARGET = 26.0;
			};
			name = Debug;
		};
		D5D496D6254B4C3E00548BA8 /* Release */ = {
			isa = XCBuildConfiguration;
			buildSettings = {
				ASSETCATALOG_COMPILER_APPICON_NAME = AppIcon;
				ASSETCATALOG_COMPILER_COMPLICATION_NAME = Complication;
				ASSETCATALOG_COMPILER_GLOBAL_ACCENT_COLOR_NAME = AccentColor;
				CODE_SIGN_STYLE = Automatic;
				INFOPLIST_FILE = LDWEWatch/Info.plist;
				LD_RUNPATH_SEARCH_PATHS = (
					"@executable_path/Frameworks",
					"@executable_path/../../Frameworks",
				);
				PRODUCT_BUNDLE_IDENTIFIER = "com.Solomon.Lazer-Dragon.watchkitapp";
				PRODUCT_NAME = "$(TARGET_NAME)";
				SDKROOT = watchos;
				SKIP_INSTALL = YES;
				SWIFT_VERSION = 5.0;
				TARGETED_DEVICE_FAMILY = 4;
				WATCHOS_DEPLOYMENT_TARGET = 26.0;
			};
			name = Release;
		};
/* End XCBuildConfiguration section */

/* Begin XCConfigurationList section */
		1B91BF7D63894E86A69E805E /* Build configuration list for PBXNativeTarget "LDWELiveActivity" */ = {
			isa = XCConfigurationList;
			buildConfigurations = (
				A65CA41A4F174A51B7061A22 /* Debug */,
				5010E238F3AF4A4E8DFD60C4 /* Release */,
			);
			defaultConfigurationIsVisible = 0;
			defaultConfigurationName = Release;
		};
		D5BA33AC245CF239001DE467 /* Build configuration list for PBXProject "CodeDump" */ = {
			isa = XCConfigurationList;
			buildConfigurations = (
				D5BA33DC245CF23D001DE467 /* Debug */,
				D5BA33DD245CF23D001DE467 /* Release */,
			);
			defaultConfigurationIsVisible = 0;
			defaultConfigurationName = Release;
		};
		D5BA33DE245CF23D001DE467 /* Build configuration list for PBXNativeTarget "CodeDump" */ = {
			isa = XCConfigurationList;
			buildConfigurations = (
				D5BA33DF245CF23D001DE467 /* Debug */,
				D5BA33E0245CF23D001DE467 /* Release */,
			);
			defaultConfigurationIsVisible = 0;
			defaultConfigurationName = Release;
		};
		D5BA33E1245CF23D001DE467 /* Build configuration list for PBXNativeTarget "CodeDumpTests" */ = {
			isa = XCConfigurationList;
			buildConfigurations = (
				D5BA33E2245CF23D001DE467 /* Debug */,
				D5BA33E3245CF23D001DE467 /* Release */,
			);
			defaultConfigurationIsVisible = 0;
			defaultConfigurationName = Release;
		};
		D5BA33E4245CF23D001DE467 /* Build configuration list for PBXNativeTarget "CodeDumpUITests" */ = {
			isa = XCConfigurationList;
			buildConfigurations = (
				D5BA33E5245CF23D001DE467 /* Debug */,
				D5BA33E6245CF23D001DE467 /* Release */,
			);
			defaultConfigurationIsVisible = 0;
			defaultConfigurationName = Release;
		};
		D5D496DB254B4C3E00548BA8 /* Build configuration list for PBXNativeTarget "LDWEWatch" */ = {
			isa = XCConfigurationList;
			buildConfigurations = (
				D5D496D5254B4C3E00548BA8 /* Debug */,
				D5D496D6254B4C3E00548BA8 /* Release */,
			);
			defaultConfigurationIsVisible = 0;
			defaultConfigurationName = Release;
		};
/* End XCConfigurationList section */
	};
	rootObject = D5BA33A9245CF239001DE467 /* Project object */;
}
