PODS:
  - Alamofire (5.2.1)
  - JGProgressHUD (2.1)
  - Repeat (0.6.0)
  - SDWebImage (5.8.3):
    - SDWebImage/Core (= 5.8.3)
  - SDWebImage/Core (5.8.3)

DEPENDENCIES:
  - Alamofire
  - JGProgressHUD
  - Repeat
  - SDWebImage

SPEC REPOS:
  trunk:
    - Alamofire
    - JGProgressHUD
    - Repeat
    - SDWebImage

SPEC CHECKSUMS:
  Alamofire: e911732990610fe89af59ac0077f923d72dc3dfd
  JGProgressHUD: aa403e9a5b45cae98903c4600cccdd98c0c3ec90
  Repeat: fd80848f4b3d6f133b18fdee04fd193aff6b31ff
  SDWebImage: 112503ec94a5a2a41869503844a15e8d8f1ead5c

PODFILE CHECKSUM: 7ededae5f1c89cdf0379c7c52484629aae1a10f4

COCOAPODS: 1.9.1
